
Microsoft Visual Studio Solution File, Format Version 12.00
# Visual Studio Version 17
VisualStudioVersion = 17.6.33723.286
MinimumVisualStudioVersion = 10.0.40219.1
Project("{FAE04EC0-301F-11D3-BF4B-00C04F79EFBC}") = "WiFind_Blazor", "WiFind_Blazor\WiFind_Blazor.csproj", "{DF5068F8-21DF-46D6-9922-FEA64FCF822A}"
EndProject
Global
	GlobalSection(SolutionConfigurationPlatforms) = preSolution
		Debug|Any CPU = Debug|Any CPU
		Release|Any CPU = Release|Any CPU
	EndGlobalSection
	GlobalSection(ProjectConfigurationPlatforms) = postSolution
		{DF5068F8-21DF-46D6-9922-FEA64FCF822A}.Debug|Any CPU.ActiveCfg = Debug|Any CPU
		{DF5068F8-21DF-46D6-9922-FEA64FCF822A}.Debug|Any CPU.Build.0 = Debug|Any CPU
		{DF5068F8-21DF-46D6-9922-FEA64FCF822A}.Release|Any CPU.ActiveCfg = Release|Any CPU
		{DF5068F8-21DF-46D6-9922-FEA64FCF822A}.Release|Any CPU.Build.0 = Release|Any CPU
	EndGlobalSection
	GlobalSection(SolutionProperties) = preSolution
		HideSolutionNode = FALSE
	EndGlobalSection
	GlobalSection(ExtensibilityGlobals) = postSolution
		SolutionGuid = {8AAFCDB4-916A-493E-BB51-1F39FF7412EC}
	EndGlobalSection
EndGlobal
